
Microsoft Visual Studio Solution File, Format Version 12.00
# Visual Studio Version 17
VisualStudioVersion = 17.4.33110.190
MinimumVisualStudioVersion = 10.0.40219.1
Project("{9A19103F-16F7-4668-BE54-9A1E7A4F7556}") = "FediseerGui", "FediseerGui\FediseerGui.csproj", "{2D0AC4B2-A1A1-4783-9399-1772C9C8584A}"
EndProject
Project("{2150E333-8FDC-42A3-9474-1A3956D46DE8}") = "Files", "Files", "{C4A040E6-D947-4855-B817-67B40E88EC2B}"
	ProjectSection(SolutionItems) = preProject
		Dockerifle = Dockerifle
	EndProjectSection
EndProject
Global
	GlobalSection(SolutionConfigurationPlatforms) = preSolution
		Debug|Any CPU = Debug|Any CPU
		Release|Any CPU = Release|Any CPU
	EndGlobalSection
	GlobalSection(ProjectConfigurationPlatforms) = postSolution
		{2D0AC4B2-A1A1-4783-9399-1772C9C8584A}.Debug|Any CPU.ActiveCfg = Debug|Any CPU
		{2D0AC4B2-A1A1-4783-9399-1772C9C8584A}.Debug|Any CPU.Build.0 = Debug|Any CPU
		{2D0AC4B2-A1A1-4783-9399-1772C9C8584A}.Release|Any CPU.ActiveCfg = Release|Any CPU
		{2D0AC4B2-A1A1-4783-9399-1772C9C8584A}.Release|Any CPU.Build.0 = Release|Any CPU
	EndGlobalSection
	GlobalSection(SolutionProperties) = preSolution
		HideSolutionNode = FALSE
	EndGlobalSection
	GlobalSection(ExtensibilityGlobals) = postSolution
		SolutionGuid = {75897545-FE6C-4A7E-AA2C-24E4E5314634}
	EndGlobalSection
EndGlobal
